
Microsoft Visual Studio Solution File, Format Version 12.00
# Visual Studio Version 16
VisualStudioVersion = 16.0.32002.261
MinimumVisualStudioVersion = 10.0.40219.1
Project("{FAE04EC0-301F-11D3-BF4B-00C04F79EFBC}") = "PresentationLayer", "PresentationLayer\PresentationLayer.csproj", "{16F16C45-8D19-41F8-8CC2-14A78468985E}"
EndProject
Project("{FAE04EC0-301F-11D3-BF4B-00C04F79EFBC}") = "DataAccessLayer", "DataAccessLayer\DataAccessLayer.csproj", "{A685B3D7-A9CB-4EBD-A5E5-E718D34F9E0A}"
EndProject
Project("{FAE04EC0-301F-11D3-BF4B-00C04F79EFBC}") = "BusinessLogicLayer", "BusinessLogicLayer\BusinessLogicLayer.csproj", "{DB08388C-6E99-4FE5-B3C8-299042965864}"
EndProject
Project("{FAE04EC0-301F-11D3-BF4B-00C04F79EFBC}") = "AuthenticationLayer", "AuthenticationLayer\AuthenticationLayer.csproj", "{E880204A-2421-4082-92CC-E90DE4DA84B3}"
EndProject
Global
	GlobalSection(SolutionConfigurationPlatforms) = preSolution
		Debug|Any CPU = Debug|Any CPU
		Release|Any CPU = Release|Any CPU
	EndGlobalSection
	GlobalSection(ProjectConfigurationPlatforms) = postSolution
		{16F16C45-8D19-41F8-8CC2-14A78468985E}.Debug|Any CPU.ActiveCfg = Debug|Any CPU
		{16F16C45-8D19-41F8-8CC2-14A78468985E}.Debug|Any CPU.Build.0 = Debug|Any CPU
		{16F16C45-8D19-41F8-8CC2-14A78468985E}.Release|Any CPU.ActiveCfg = Release|Any CPU
		{16F16C45-8D19-41F8-8CC2-14A78468985E}.Release|Any CPU.Build.0 = Release|Any CPU
		{A685B3D7-A9CB-4EBD-A5E5-E718D34F9E0A}.Debug|Any CPU.ActiveCfg = Debug|Any CPU
		{A685B3D7-A9CB-4EBD-A5E5-E718D34F9E0A}.Debug|Any CPU.Build.0 = Debug|Any CPU
		{A685B3D7-A9CB-4EBD-A5E5-E718D34F9E0A}.Release|Any CPU.ActiveCfg = Release|Any CPU
		{A685B3D7-A9CB-4EBD-A5E5-E718D34F9E0A}.Release|Any CPU.Build.0 = Release|Any CPU
		{DB08388C-6E99-4FE5-B3C8-299042965864}.Debug|Any CPU.ActiveCfg = Debug|Any CPU
		{DB08388C-6E99-4FE5-B3C8-299042965864}.Debug|Any CPU.Build.0 = Debug|Any CPU
		{DB08388C-6E99-4FE5-B3C8-299042965864}.Release|Any CPU.ActiveCfg = Release|Any CPU
		{DB08388C-6E99-4FE5-B3C8-299042965864}.Release|Any CPU.Build.0 = Release|Any CPU
		{E880204A-2421-4082-92CC-E90DE4DA84B3}.Debug|Any CPU.ActiveCfg = Debug|Any CPU
		{E880204A-2421-4082-92CC-E90DE4DA84B3}.Debug|Any CPU.Build.0 = Debug|Any CPU
		{E880204A-2421-4082-92CC-E90DE4DA84B3}.Release|Any CPU.ActiveCfg = Release|Any CPU
		{E880204A-2421-4082-92CC-E90DE4DA84B3}.Release|Any CPU.Build.0 = Release|Any CPU
	EndGlobalSection
	GlobalSection(SolutionProperties) = preSolution
		HideSolutionNode = FALSE
	EndGlobalSection
	GlobalSection(ExtensibilityGlobals) = postSolution
		SolutionGuid = {7AB9041E-2F4D-4928-A9F3-4FCDEC28E4A0}
	EndGlobalSection
EndGlobal
